
Microsoft Visual Studio Solution File, Format Version 12.00
# Visual Studio Version 16
VisualStudioVersion = 16.0.31424.327
MinimumVisualStudioVersion = 10.0.40219.1
Project("{FAE04EC0-301F-11D3-BF4B-00C04F79EFBC}") = "eCommerceSite", "eCommerceSite\eCommerceSite.csproj", "{934197EF-569E-4240-95C0-CEA42ED58F21}"
EndProject
Global
	GlobalSection(SolutionConfigurationPlatforms) = preSolution
		Debug|Any CPU = Debug|Any CPU
		Release|Any CPU = Release|Any CPU
	EndGlobalSection
	GlobalSection(ProjectConfigurationPlatforms) = postSolution
		{934197EF-569E-4240-95C0-CEA42ED58F21}.Debug|Any CPU.ActiveCfg = Debug|Any CPU
		{934197EF-569E-4240-95C0-CEA42ED58F21}.Debug|Any CPU.Build.0 = Debug|Any CPU
		{934197EF-569E-4240-95C0-CEA42ED58F21}.Release|Any CPU.ActiveCfg = Release|Any CPU
		{934197EF-569E-4240-95C0-CEA42ED58F21}.Release|Any CPU.Build.0 = Release|Any CPU
	EndGlobalSection
	GlobalSection(SolutionProperties) = preSolution
		HideSolutionNode = FALSE
	EndGlobalSection
	GlobalSection(ExtensibilityGlobals) = postSolution
		SolutionGuid = {7381784A-6EE6-4693-ADFB-2B9C91CDDFE7}
	EndGlobalSection
EndGlobal
